
Microsoft Visual Studio Solution File, Format Version 12.00
# Visual Studio Version 17
VisualStudioVersion = 17.7.34221.43
MinimumVisualStudioVersion = 10.0.40219.1
Project("{FAE04EC0-301F-11D3-BF4B-00C04F79EFBC}") = "veriTabanı", "veriTabanı\veriTabanı.csproj", "{3769186D-B0FE-4992-B9E1-60E02A7B513C}"
EndProject
Global
	GlobalSection(SolutionConfigurationPlatforms) = preSolution
		Debug|Any CPU = Debug|Any CPU
		Release|Any CPU = Release|Any CPU
	EndGlobalSection
	GlobalSection(ProjectConfigurationPlatforms) = postSolution
		{3769186D-B0FE-4992-B9E1-60E02A7B513C}.Debug|Any CPU.ActiveCfg = Debug|Any CPU
		{3769186D-B0FE-4992-B9E1-60E02A7B513C}.Debug|Any CPU.Build.0 = Debug|Any CPU
		{3769186D-B0FE-4992-B9E1-60E02A7B513C}.Release|Any CPU.ActiveCfg = Release|Any CPU
		{3769186D-B0FE-4992-B9E1-60E02A7B513C}.Release|Any CPU.Build.0 = Release|Any CPU
	EndGlobalSection
	GlobalSection(SolutionProperties) = preSolution
		HideSolutionNode = FALSE
	EndGlobalSection
	GlobalSection(ExtensibilityGlobals) = postSolution
		SolutionGuid = {1B51FE30-378A-494B-BBEF-E98628A4228E}
	EndGlobalSection
EndGlobal
